%{"bear": {:git, "git://github.com/boundary/bear.git", "119234548783af19b8ec75c879c5062676b92571", [tag: "0.8.2"]},
  "conform": {:hex, :conform, "0.13.0"},
  "exactor": {:git, "https://github.com/sasa1977/exactor.git", "0467f8100bc735405d597dbf94996195eb31e0b6", [tag: "0467f8100bc735405d597dbf94996195eb31e0b6"]},
  "exrm": {:git, "https://github.com/bitwalker/exrm.git", "bebc97c7707b6019a2790132b16653418f25afdc", [tag: "bebc97c7707b6019a2790132b16653418f25afdc"]},
  "extask": {:git, "https://github.com/timCF/extask.git", "691cc1a515750bead8b81ed6c13cddbcf115d754", []},
  "exutils": {:git, "https://github.com/timCF/exutils.git", "4201fdb2209313d8e7a84a6e0871366cfed1bb0d", []},
  "folsom": {:git, "https://github.com/boundary/folsom.git", "8914823067c623d2839ecd6d17785ba94ad004c8", []},
  "hashex": {:git, "https://github.com/timCF/hashex.git", "d10a5f3e724e7be016c9ff7420ef5eb3780c3dae", []},
  "meck": {:git, "git://github.com/eproxus/meck", "dde759050eff19a1a80fd854d7375174b191665d", [tag: "0.8.2"]},
  "quickrand": {:hex, :quickrand, "1.5.0"},
  "silverb": {:git, "https://github.com/timCF/silverb.git", "7173aa1ff51abf735cf3f1eee379bcea89aa860c", []},
  "tinca": {:git, "https://github.com/timCF/tinca.git", "06ee9bff138dbdeae6c1de0340b10475f4b657b1", []},
  "uuid": {:git, "https://github.com/okeuday/uuid.git", "24325ae6309d03897735c3a320aab6f74b189ab7", []}}
